
Microsoft Visual Studio Solution File, Format Version 12.00
# Visual Studio Version 16
VisualStudioVersion = 16.0.32929.386
MinimumVisualStudioVersion = 10.0.40219.1
Project("{FAE04EC0-301F-11D3-BF4B-00C04F79EFBC}") = "WpfApp7", "WpfApp7\WpfApp7.csproj", "{3879B9BB-00C5-4A3E-917C-6FC7D1B43409}"
EndProject
Global
	GlobalSection(SolutionConfigurationPlatforms) = preSolution
		Debug|Any CPU = Debug|Any CPU
		Release|Any CPU = Release|Any CPU
	EndGlobalSection
	GlobalSection(ProjectConfigurationPlatforms) = postSolution
		{3879B9BB-00C5-4A3E-917C-6FC7D1B43409}.Debug|Any CPU.ActiveCfg = Debug|Any CPU
		{3879B9BB-00C5-4A3E-917C-6FC7D1B43409}.Debug|Any CPU.Build.0 = Debug|Any CPU
		{3879B9BB-00C5-4A3E-917C-6FC7D1B43409}.Release|Any CPU.ActiveCfg = Release|Any CPU
		{3879B9BB-00C5-4A3E-917C-6FC7D1B43409}.Release|Any CPU.Build.0 = Release|Any CPU
	EndGlobalSection
	GlobalSection(SolutionProperties) = preSolution
		HideSolutionNode = FALSE
	EndGlobalSection
	GlobalSection(ExtensibilityGlobals) = postSolution
		SolutionGuid = {95EBECE4-8CFE-4AAA-B587-CC82E0504C1D}
	EndGlobalSection
EndGlobal
